{
  "object": {
    "pins": [
      {
        "package": "Carbon",
        "repositoryURL": "https://github.com/ra1028/Carbon",
        "state": {
          "branch": null,
          "revision": "56e5f29fc42cad4b0d27b97dccd4065297267ac5",
          "version": null
        }
      },
      {
        "package": "CombineOperators",
        "repositoryURL": "https://github.com/HyperfocusDisordered/CombineOperators.git",
        "state": {
          "branch": null,
          "revision": "c22bc318bfb1a7a186e4de69429389b4ae55d048",
          "version": null
        }
      },
      {
        "package": "DifferenceKit",
        "repositoryURL": "https://github.com/ra1028/DifferenceKit.git",
        "state": {
          "branch": null,
          "revision": "14c66681e12a38b81045f44c6c29724a0d4b0e72",
          "version": "1.1.5"
        }
      },
      {
        "package": "InputMask",
        "repositoryURL": "https://github.com/RedMadRobot/input-mask-ios",
        "state": {
          "branch": null,
          "revision": "40e33ad9fb8cef671f8c4f667f6c0a0043abcbb3",
          "version": "6.1.0"
        }
      },
      {
        "package": "Nuke",
        "repositoryURL": "https://github.com/kean/Nuke",
        "state": {
          "branch": null,
          "revision": "a002b7fd786f2df2ed4333fe73a9727499fd9d97",
          "version": "10.11.2"
        }
      },
      {
        "package": "SimpleCoders",
        "repositoryURL": "https://github.com/dankinsoid/SimpleCoders.git",
        "state": {
          "branch": null,
          "revision": "1527a7ab9a00a7a8a5a031c3102efc9cfccb49d4",
          "version": "1.4.0"
        }
      },
      {
        "package": "VDCodable",
        "repositoryURL": "https://github.com/dankinsoid/VDCodable.git",
        "state": {
          "branch": null,
          "revision": "9cafa42f64f8f28b7d1b2d2fe590fab96dd4356c",
          "version": "2.11.0"
        }
      },
      {
        "package": "VDKit",
        "repositoryURL": "https://github.com/dankinsoid/VDKit.git",
        "state": {
          "branch": null,
          "revision": "479b079ef914ce3b01bb1f8a40891ac6e0b09982",
          "version": "1.197.0"
        }
      }
    ]
  },
  "version": 1
}
